<?xml version="1.0" encoding="utf-8"?>
<Project ToolsVersion="17.0" xmlns="http://schemas.microsoft.com/developer/msbuild/2003">
  <ItemGroup>
    <ClCompile Include="E:\SC17\dhara-master\tests\bch.c">
      <Filter>Source Files</Filter>
    </ClCompile>
    <ClCompile Include="E:\SC17\dhara-master\ecc\bch.c">
      <Filter>Source Files</Filter>
    </ClCompile>
    <ClCompile Include="E:\SC17\dhara-master\ecc\gf13.c">
      <Filter>Source Files</Filter>
    </ClCompile>
    <ClCompile Include="E:\SC17\dhara-master\ecc\hamming.c">
      <Filter>Source Files</Filter>
    </ClCompile>
    <ClCompile Include="E:\SC17\dhara-master\ecc\crc32.c">
      <Filter>Source Files</Filter>
    </ClCompile>
    <ClCompile Include="E:\SC17\dhara-master\windows_rand.c">
      <Filter>Source Files</Filter>
    </ClCompile>
  </ItemGroup>
  <ItemGroup>
    <CustomBuild Include="E:\SC17\dhara-master\CMakeLists.txt" />
  </ItemGroup>
  <ItemGroup>
    <Filter Include="Source Files">
      <UniqueIdentifier>{E8D82A74-1B1E-3E5A-AB88-82923A811844}</UniqueIdentifier>
    </Filter>
  </ItemGroup>
</Project>
