
Microsoft Visual Studio Solution File, Format Version 12.00
# Visual Studio Version 17
Project("{8BC9CEB8-8B4A-11D0-8D11-00A0C91BC942}") = "ALL_BUILD", "ALL_BUILD.vcxproj", "{3C1545CD-5300-3BE5-A970-646AD0A3888A}"
	ProjectSection(ProjectDependencies) = postProject
		{E45DF29D-4793-3C38-AE42-0563C7DC5942} = {E45DF29D-4793-3C38-AE42-0563C7DC5942}
		{8C95EC2B-C795-3728-A183-67CEC5BB99CF} = {8C95EC2B-C795-3728-A183-67CEC5BB99CF}
		{F716023F-CED7-3A2E-B212-3493CC03626D} = {F716023F-CED7-3A2E-B212-3493CC03626D}
		{56385BD1-3BAA-34C2-A5E9-64C22B7186A5} = {56385BD1-3BAA-34C2-A5E9-64C22B7186A5}
		{A0733A02-EF51-399D-ADE0-E0D5FC6222F2} = {A0733A02-EF51-399D-ADE0-E0D5FC6222F2}
		{D663A9DA-D37B-31BF-93D4-6AB2F344FC9B} = {D663A9DA-D37B-31BF-93D4-6AB2F344FC9B}
		{4D8F1775-9093-3A22-AD79-2C905CE1770E} = {4D8F1775-9093-3A22-AD79-2C905CE1770E}
		{32105A70-8113-3922-B4C7-224A82EB86D0} = {32105A70-8113-3922-B4C7-224A82EB86D0}
		{3933ED09-AC1B-304B-9A17-1C1F401E0D36} = {3933ED09-AC1B-304B-9A17-1C1F401E0D36}
		{377B3758-E320-3859-BA82-379996410E5C} = {377B3758-E320-3859-BA82-379996410E5C}
		{D2CA122D-4AC8-36CB-8F7A-48666701B533} = {D2CA122D-4AC8-36CB-8F7A-48666701B533}
		{D143A7E8-8273-38B2-A011-64D6F4AB7893} = {D143A7E8-8273-38B2-A011-64D6F4AB7893}
		{62B27DE3-7495-3D09-BD5D-DF32696D29F7} = {62B27DE3-7495-3D09-BD5D-DF32696D29F7}
	EndProjectSection
EndProject
Project("{8BC9CEB8-8B4A-11D0-8D11-00A0C91BC942}") = "RUN_TESTS", "RUN_TESTS.vcxproj", "{4A1245B3-0999-35EF-AA19-BF5E4AA04FC2}"
	ProjectSection(ProjectDependencies) = postProject
		{E45DF29D-4793-3C38-AE42-0563C7DC5942} = {E45DF29D-4793-3C38-AE42-0563C7DC5942}
	EndProjectSection
EndProject
Project("{8BC9CEB8-8B4A-11D0-8D11-00A0C91BC942}") = "ZERO_CHECK", "ZERO_CHECK.vcxproj", "{E45DF29D-4793-3C38-AE42-0563C7DC5942}"
	ProjectSection(ProjectDependencies) = postProject
	EndProjectSection
EndProject
Project("{8BC9CEB8-8B4A-11D0-8D11-00A0C91BC942}") = "all_tests", "all_tests.vcxproj", "{8C95EC2B-C795-3728-A183-67CEC5BB99CF}"
	ProjectSection(ProjectDependencies) = postProject
		{E45DF29D-4793-3C38-AE42-0563C7DC5942} = {E45DF29D-4793-3C38-AE42-0563C7DC5942}
		{A0733A02-EF51-399D-ADE0-E0D5FC6222F2} = {A0733A02-EF51-399D-ADE0-E0D5FC6222F2}
	EndProjectSection
EndProject
Project("{8BC9CEB8-8B4A-11D0-8D11-00A0C91BC942}") = "crc_poly_demo", "crc_poly_demo.vcxproj", "{F716023F-CED7-3A2E-B212-3493CC03626D}"
	ProjectSection(ProjectDependencies) = postProject
		{E45DF29D-4793-3C38-AE42-0563C7DC5942} = {E45DF29D-4793-3C38-AE42-0563C7DC5942}
	EndProjectSection
EndProject
Project("{8BC9CEB8-8B4A-11D0-8D11-00A0C91BC942}") = "dhara_lib", "dhara_lib.vcxproj", "{56385BD1-3BAA-34C2-A5E9-64C22B7186A5}"
	ProjectSection(ProjectDependencies) = postProject
		{E45DF29D-4793-3C38-AE42-0563C7DC5942} = {E45DF29D-4793-3C38-AE42-0563C7DC5942}
	EndProjectSection
EndProject
Project("{8BC9CEB8-8B4A-11D0-8D11-00A0C91BC942}") = "ecc_lib", "ecc_lib.vcxproj", "{A0733A02-EF51-399D-ADE0-E0D5FC6222F2}"
	ProjectSection(ProjectDependencies) = postProject
		{E45DF29D-4793-3C38-AE42-0563C7DC5942} = {E45DF29D-4793-3C38-AE42-0563C7DC5942}
	EndProjectSection
EndProject
Project("{8BC9CEB8-8B4A-11D0-8D11-00A0C91BC942}") = "eflash_ftl_lib", "eflash_ftl_lib.vcxproj", "{D663A9DA-D37B-31BF-93D4-6AB2F344FC9B}"
	ProjectSection(ProjectDependencies) = postProject
		{E45DF29D-4793-3C38-AE42-0563C7DC5942} = {E45DF29D-4793-3C38-AE42-0563C7DC5942}
		{A0733A02-EF51-399D-ADE0-E0D5FC6222F2} = {A0733A02-EF51-399D-ADE0-E0D5FC6222F2}
	EndProjectSection
EndProject
Project("{8BC9CEB8-8B4A-11D0-8D11-00A0C91BC942}") = "eflash_ftl_tests", "eflash_ftl_tests.vcxproj", "{4D8F1775-9093-3A22-AD79-2C905CE1770E}"
	ProjectSection(ProjectDependencies) = postProject
		{E45DF29D-4793-3C38-AE42-0563C7DC5942} = {E45DF29D-4793-3C38-AE42-0563C7DC5942}
	EndProjectSection
EndProject
Project("{8BC9CEB8-8B4A-11D0-8D11-00A0C91BC942}") = "flash_sim_demo", "flash_sim_demo.vcxproj", "{32105A70-8113-3922-B4C7-224A82EB86D0}"
	ProjectSection(ProjectDependencies) = postProject
		{E45DF29D-4793-3C38-AE42-0563C7DC5942} = {E45DF29D-4793-3C38-AE42-0563C7DC5942}
	EndProjectSection
EndProject
Project("{8BC9CEB8-8B4A-11D0-8D11-00A0C91BC942}") = "flash_with_dhara", "flash_with_dhara.vcxproj", "{3933ED09-AC1B-304B-9A17-1C1F401E0D36}"
	ProjectSection(ProjectDependencies) = postProject
		{E45DF29D-4793-3C38-AE42-0563C7DC5942} = {E45DF29D-4793-3C38-AE42-0563C7DC5942}
	EndProjectSection
EndProject
Project("{8BC9CEB8-8B4A-11D0-8D11-00A0C91BC942}") = "gentab", "gentab.vcxproj", "{377B3758-E320-3859-BA82-379996410E5C}"
	ProjectSection(ProjectDependencies) = postProject
		{E45DF29D-4793-3C38-AE42-0563C7DC5942} = {E45DF29D-4793-3C38-AE42-0563C7DC5942}
	EndProjectSection
EndProject
Project("{8BC9CEB8-8B4A-11D0-8D11-00A0C91BC942}") = "gftool", "gftool.vcxproj", "{D2CA122D-4AC8-36CB-8F7A-48666701B533}"
	ProjectSection(ProjectDependencies) = postProject
		{E45DF29D-4793-3C38-AE42-0563C7DC5942} = {E45DF29D-4793-3C38-AE42-0563C7DC5942}
	EndProjectSection
EndProject
Project("{8BC9CEB8-8B4A-11D0-8D11-00A0C91BC942}") = "test_all", "test_all.vcxproj", "{1940999B-4961-3B0A-9E8C-F667032FC603}"
	ProjectSection(ProjectDependencies) = postProject
		{E45DF29D-4793-3C38-AE42-0563C7DC5942} = {E45DF29D-4793-3C38-AE42-0563C7DC5942}
		{8C95EC2B-C795-3728-A183-67CEC5BB99CF} = {8C95EC2B-C795-3728-A183-67CEC5BB99CF}
		{4D8F1775-9093-3A22-AD79-2C905CE1770E} = {4D8F1775-9093-3A22-AD79-2C905CE1770E}
	EndProjectSection
EndProject
Project("{8BC9CEB8-8B4A-11D0-8D11-00A0C91BC942}") = "test_dhara_on_file_flash", "test_dhara_on_file_flash.vcxproj", "{D143A7E8-8273-38B2-A011-64D6F4AB7893}"
	ProjectSection(ProjectDependencies) = postProject
		{E45DF29D-4793-3C38-AE42-0563C7DC5942} = {E45DF29D-4793-3C38-AE42-0563C7DC5942}
		{56385BD1-3BAA-34C2-A5E9-64C22B7186A5} = {56385BD1-3BAA-34C2-A5E9-64C22B7186A5}
		{A0733A02-EF51-399D-ADE0-E0D5FC6222F2} = {A0733A02-EF51-399D-ADE0-E0D5FC6222F2}
	EndProjectSection
EndProject
Project("{8BC9CEB8-8B4A-11D0-8D11-00A0C91BC942}") = "test_gentab", "test_gentab.vcxproj", "{62B27DE3-7495-3D09-BD5D-DF32696D29F7}"
	ProjectSection(ProjectDependencies) = postProject
		{E45DF29D-4793-3C38-AE42-0563C7DC5942} = {E45DF29D-4793-3C38-AE42-0563C7DC5942}
	EndProjectSection
EndProject
Global
	GlobalSection(SolutionConfigurationPlatforms) = preSolution
		Debug|x64 = Debug|x64
		Release|x64 = Release|x64
		MinSizeRel|x64 = MinSizeRel|x64
		RelWithDebInfo|x64 = RelWithDebInfo|x64
	EndGlobalSection
	GlobalSection(ProjectConfigurationPlatforms) = postSolution
		{3C1545CD-5300-3BE5-A970-646AD0A3888A}.Debug|x64.ActiveCfg = Debug|x64
		{3C1545CD-5300-3BE5-A970-646AD0A3888A}.Release|x64.ActiveCfg = Release|x64
		{3C1545CD-5300-3BE5-A970-646AD0A3888A}.MinSizeRel|x64.ActiveCfg = MinSizeRel|x64
		{3C1545CD-5300-3BE5-A970-646AD0A3888A}.RelWithDebInfo|x64.ActiveCfg = RelWithDebInfo|x64
		{4A1245B3-0999-35EF-AA19-BF5E4AA04FC2}.Debug|x64.ActiveCfg = Debug|x64
		{4A1245B3-0999-35EF-AA19-BF5E4AA04FC2}.Release|x64.ActiveCfg = Release|x64
		{4A1245B3-0999-35EF-AA19-BF5E4AA04FC2}.MinSizeRel|x64.ActiveCfg = MinSizeRel|x64
		{4A1245B3-0999-35EF-AA19-BF5E4AA04FC2}.RelWithDebInfo|x64.ActiveCfg = RelWithDebInfo|x64
		{E45DF29D-4793-3C38-AE42-0563C7DC5942}.Debug|x64.ActiveCfg = Debug|x64
		{E45DF29D-4793-3C38-AE42-0563C7DC5942}.Debug|x64.Build.0 = Debug|x64
		{E45DF29D-4793-3C38-AE42-0563C7DC5942}.Release|x64.ActiveCfg = Release|x64
		{E45DF29D-4793-3C38-AE42-0563C7DC5942}.Release|x64.Build.0 = Release|x64
		{E45DF29D-4793-3C38-AE42-0563C7DC5942}.MinSizeRel|x64.ActiveCfg = MinSizeRel|x64
		{E45DF29D-4793-3C38-AE42-0563C7DC5942}.MinSizeRel|x64.Build.0 = MinSizeRel|x64
		{E45DF29D-4793-3C38-AE42-0563C7DC5942}.RelWithDebInfo|x64.ActiveCfg = RelWithDebInfo|x64
		{E45DF29D-4793-3C38-AE42-0563C7DC5942}.RelWithDebInfo|x64.Build.0 = RelWithDebInfo|x64
		{8C95EC2B-C795-3728-A183-67CEC5BB99CF}.Debug|x64.ActiveCfg = Debug|x64
		{8C95EC2B-C795-3728-A183-67CEC5BB99CF}.Debug|x64.Build.0 = Debug|x64
		{8C95EC2B-C795-3728-A183-67CEC5BB99CF}.Release|x64.ActiveCfg = Release|x64
		{8C95EC2B-C795-3728-A183-67CEC5BB99CF}.Release|x64.Build.0 = Release|x64
		{8C95EC2B-C795-3728-A183-67CEC5BB99CF}.MinSizeRel|x64.ActiveCfg = MinSizeRel|x64
		{8C95EC2B-C795-3728-A183-67CEC5BB99CF}.MinSizeRel|x64.Build.0 = MinSizeRel|x64
		{8C95EC2B-C795-3728-A183-67CEC5BB99CF}.RelWithDebInfo|x64.ActiveCfg = RelWithDebInfo|x64
		{8C95EC2B-C795-3728-A183-67CEC5BB99CF}.RelWithDebInfo|x64.Build.0 = RelWithDebInfo|x64
		{F716023F-CED7-3A2E-B212-3493CC03626D}.Debug|x64.ActiveCfg = Debug|x64
		{F716023F-CED7-3A2E-B212-3493CC03626D}.Debug|x64.Build.0 = Debug|x64
		{F716023F-CED7-3A2E-B212-3493CC03626D}.Release|x64.ActiveCfg = Release|x64
		{F716023F-CED7-3A2E-B212-3493CC03626D}.Release|x64.Build.0 = Release|x64
		{F716023F-CED7-3A2E-B212-3493CC03626D}.MinSizeRel|x64.ActiveCfg = MinSizeRel|x64
		{F716023F-CED7-3A2E-B212-3493CC03626D}.MinSizeRel|x64.Build.0 = MinSizeRel|x64
		{F716023F-CED7-3A2E-B212-3493CC03626D}.RelWithDebInfo|x64.ActiveCfg = RelWithDebInfo|x64
		{F716023F-CED7-3A2E-B212-3493CC03626D}.RelWithDebInfo|x64.Build.0 = RelWithDebInfo|x64
		{56385BD1-3BAA-34C2-A5E9-64C22B7186A5}.Debug|x64.ActiveCfg = Debug|x64
		{56385BD1-3BAA-34C2-A5E9-64C22B7186A5}.Debug|x64.Build.0 = Debug|x64
		{56385BD1-3BAA-34C2-A5E9-64C22B7186A5}.Release|x64.ActiveCfg = Release|x64
		{56385BD1-3BAA-34C2-A5E9-64C22B7186A5}.Release|x64.Build.0 = Release|x64
		{56385BD1-3BAA-34C2-A5E9-64C22B7186A5}.MinSizeRel|x64.ActiveCfg = MinSizeRel|x64
		{56385BD1-3BAA-34C2-A5E9-64C22B7186A5}.MinSizeRel|x64.Build.0 = MinSizeRel|x64
		{56385BD1-3BAA-34C2-A5E9-64C22B7186A5}.RelWithDebInfo|x64.ActiveCfg = RelWithDebInfo|x64
		{56385BD1-3BAA-34C2-A5E9-64C22B7186A5}.RelWithDebInfo|x64.Build.0 = RelWithDebInfo|x64
		{A0733A02-EF51-399D-ADE0-E0D5FC6222F2}.Debug|x64.ActiveCfg = Debug|x64
		{A0733A02-EF51-399D-ADE0-E0D5FC6222F2}.Debug|x64.Build.0 = Debug|x64
		{A0733A02-EF51-399D-ADE0-E0D5FC6222F2}.Release|x64.ActiveCfg = Release|x64
		{A0733A02-EF51-399D-ADE0-E0D5FC6222F2}.Release|x64.Build.0 = Release|x64
		{A0733A02-EF51-399D-ADE0-E0D5FC6222F2}.MinSizeRel|x64.ActiveCfg = MinSizeRel|x64
		{A0733A02-EF51-399D-ADE0-E0D5FC6222F2}.MinSizeRel|x64.Build.0 = MinSizeRel|x64
		{A0733A02-EF51-399D-ADE0-E0D5FC6222F2}.RelWithDebInfo|x64.ActiveCfg = RelWithDebInfo|x64
		{A0733A02-EF51-399D-ADE0-E0D5FC6222F2}.RelWithDebInfo|x64.Build.0 = RelWithDebInfo|x64
		{D663A9DA-D37B-31BF-93D4-6AB2F344FC9B}.Debug|x64.ActiveCfg = Debug|x64
		{D663A9DA-D37B-31BF-93D4-6AB2F344FC9B}.Debug|x64.Build.0 = Debug|x64
		{D663A9DA-D37B-31BF-93D4-6AB2F344FC9B}.Release|x64.ActiveCfg = Release|x64
		{D663A9DA-D37B-31BF-93D4-6AB2F344FC9B}.Release|x64.Build.0 = Release|x64
		{D663A9DA-D37B-31BF-93D4-6AB2F344FC9B}.MinSizeRel|x64.ActiveCfg = MinSizeRel|x64
		{D663A9DA-D37B-31BF-93D4-6AB2F344FC9B}.MinSizeRel|x64.Build.0 = MinSizeRel|x64
		{D663A9DA-D37B-31BF-93D4-6AB2F344FC9B}.RelWithDebInfo|x64.ActiveCfg = RelWithDebInfo|x64
		{D663A9DA-D37B-31BF-93D4-6AB2F344FC9B}.RelWithDebInfo|x64.Build.0 = RelWithDebInfo|x64
		{4D8F1775-9093-3A22-AD79-2C905CE1770E}.Debug|x64.ActiveCfg = Debug|x64
		{4D8F1775-9093-3A22-AD79-2C905CE1770E}.Debug|x64.Build.0 = Debug|x64
		{4D8F1775-9093-3A22-AD79-2C905CE1770E}.Release|x64.ActiveCfg = Release|x64
		{4D8F1775-9093-3A22-AD79-2C905CE1770E}.Release|x64.Build.0 = Release|x64
		{4D8F1775-9093-3A22-AD79-2C905CE1770E}.MinSizeRel|x64.ActiveCfg = MinSizeRel|x64
		{4D8F1775-9093-3A22-AD79-2C905CE1770E}.MinSizeRel|x64.Build.0 = MinSizeRel|x64
		{4D8F1775-9093-3A22-AD79-2C905CE1770E}.RelWithDebInfo|x64.ActiveCfg = RelWithDebInfo|x64
		{4D8F1775-9093-3A22-AD79-2C905CE1770E}.RelWithDebInfo|x64.Build.0 = RelWithDebInfo|x64
		{32105A70-8113-3922-B4C7-224A82EB86D0}.Debug|x64.ActiveCfg = Debug|x64
		{32105A70-8113-3922-B4C7-224A82EB86D0}.Debug|x64.Build.0 = Debug|x64
		{32105A70-8113-3922-B4C7-224A82EB86D0}.Release|x64.ActiveCfg = Release|x64
		{32105A70-8113-3922-B4C7-224A82EB86D0}.Release|x64.Build.0 = Release|x64
		{32105A70-8113-3922-B4C7-224A82EB86D0}.MinSizeRel|x64.ActiveCfg = MinSizeRel|x64
		{32105A70-8113-3922-B4C7-224A82EB86D0}.MinSizeRel|x64.Build.0 = MinSizeRel|x64
		{32105A70-8113-3922-B4C7-224A82EB86D0}.RelWithDebInfo|x64.ActiveCfg = RelWithDebInfo|x64
		{32105A70-8113-3922-B4C7-224A82EB86D0}.RelWithDebInfo|x64.Build.0 = RelWithDebInfo|x64
		{3933ED09-AC1B-304B-9A17-1C1F401E0D36}.Debug|x64.ActiveCfg = Debug|x64
		{3933ED09-AC1B-304B-9A17-1C1F401E0D36}.Debug|x64.Build.0 = Debug|x64
		{3933ED09-AC1B-304B-9A17-1C1F401E0D36}.Release|x64.ActiveCfg = Release|x64
		{3933ED09-AC1B-304B-9A17-1C1F401E0D36}.Release|x64.Build.0 = Release|x64
		{3933ED09-AC1B-304B-9A17-1C1F401E0D36}.MinSizeRel|x64.ActiveCfg = MinSizeRel|x64
		{3933ED09-AC1B-304B-9A17-1C1F401E0D36}.MinSizeRel|x64.Build.0 = MinSizeRel|x64
		{3933ED09-AC1B-304B-9A17-1C1F401E0D36}.RelWithDebInfo|x64.ActiveCfg = RelWithDebInfo|x64
		{3933ED09-AC1B-304B-9A17-1C1F401E0D36}.RelWithDebInfo|x64.Build.0 = RelWithDebInfo|x64
		{377B3758-E320-3859-BA82-379996410E5C}.Debug|x64.ActiveCfg = Debug|x64
		{377B3758-E320-3859-BA82-379996410E5C}.Debug|x64.Build.0 = Debug|x64
		{377B3758-E320-3859-BA82-379996410E5C}.Release|x64.ActiveCfg = Release|x64
		{377B3758-E320-3859-BA82-379996410E5C}.Release|x64.Build.0 = Release|x64
		{377B3758-E320-3859-BA82-379996410E5C}.MinSizeRel|x64.ActiveCfg = MinSizeRel|x64
		{377B3758-E320-3859-BA82-379996410E5C}.MinSizeRel|x64.Build.0 = MinSizeRel|x64
		{377B3758-E320-3859-BA82-379996410E5C}.RelWithDebInfo|x64.ActiveCfg = RelWithDebInfo|x64
		{377B3758-E320-3859-BA82-379996410E5C}.RelWithDebInfo|x64.Build.0 = RelWithDebInfo|x64
		{D2CA122D-4AC8-36CB-8F7A-48666701B533}.Debug|x64.ActiveCfg = Debug|x64
		{D2CA122D-4AC8-36CB-8F7A-48666701B533}.Debug|x64.Build.0 = Debug|x64
		{D2CA122D-4AC8-36CB-8F7A-48666701B533}.Release|x64.ActiveCfg = Release|x64
		{D2CA122D-4AC8-36CB-8F7A-48666701B533}.Release|x64.Build.0 = Release|x64
		{D2CA122D-4AC8-36CB-8F7A-48666701B533}.MinSizeRel|x64.ActiveCfg = MinSizeRel|x64
		{D2CA122D-4AC8-36CB-8F7A-48666701B533}.MinSizeRel|x64.Build.0 = MinSizeRel|x64
		{D2CA122D-4AC8-36CB-8F7A-48666701B533}.RelWithDebInfo|x64.ActiveCfg = RelWithDebInfo|x64
		{D2CA122D-4AC8-36CB-8F7A-48666701B533}.RelWithDebInfo|x64.Build.0 = RelWithDebInfo|x64
		{1940999B-4961-3B0A-9E8C-F667032FC603}.Debug|x64.ActiveCfg = Debug|x64
		{1940999B-4961-3B0A-9E8C-F667032FC603}.Release|x64.ActiveCfg = Release|x64
		{1940999B-4961-3B0A-9E8C-F667032FC603}.MinSizeRel|x64.ActiveCfg = MinSizeRel|x64
		{1940999B-4961-3B0A-9E8C-F667032FC603}.RelWithDebInfo|x64.ActiveCfg = RelWithDebInfo|x64
		{D143A7E8-8273-38B2-A011-64D6F4AB7893}.Debug|x64.ActiveCfg = Debug|x64
		{D143A7E8-8273-38B2-A011-64D6F4AB7893}.Debug|x64.Build.0 = Debug|x64
		{D143A7E8-8273-38B2-A011-64D6F4AB7893}.Release|x64.ActiveCfg = Release|x64
		{D143A7E8-8273-38B2-A011-64D6F4AB7893}.Release|x64.Build.0 = Release|x64
		{D143A7E8-8273-38B2-A011-64D6F4AB7893}.MinSizeRel|x64.ActiveCfg = MinSizeRel|x64
		{D143A7E8-8273-38B2-A011-64D6F4AB7893}.MinSizeRel|x64.Build.0 = MinSizeRel|x64
		{D143A7E8-8273-38B2-A011-64D6F4AB7893}.RelWithDebInfo|x64.ActiveCfg = RelWithDebInfo|x64
		{D143A7E8-8273-38B2-A011-64D6F4AB7893}.RelWithDebInfo|x64.Build.0 = RelWithDebInfo|x64
		{62B27DE3-7495-3D09-BD5D-DF32696D29F7}.Debug|x64.ActiveCfg = Debug|x64
		{62B27DE3-7495-3D09-BD5D-DF32696D29F7}.Debug|x64.Build.0 = Debug|x64
		{62B27DE3-7495-3D09-BD5D-DF32696D29F7}.Release|x64.ActiveCfg = Release|x64
		{62B27DE3-7495-3D09-BD5D-DF32696D29F7}.Release|x64.Build.0 = Release|x64
		{62B27DE3-7495-3D09-BD5D-DF32696D29F7}.MinSizeRel|x64.ActiveCfg = MinSizeRel|x64
		{62B27DE3-7495-3D09-BD5D-DF32696D29F7}.MinSizeRel|x64.Build.0 = MinSizeRel|x64
		{62B27DE3-7495-3D09-BD5D-DF32696D29F7}.RelWithDebInfo|x64.ActiveCfg = RelWithDebInfo|x64
		{62B27DE3-7495-3D09-BD5D-DF32696D29F7}.RelWithDebInfo|x64.Build.0 = RelWithDebInfo|x64
	EndGlobalSection
	GlobalSection(ExtensibilityGlobals) = postSolution
		SolutionGuid = {E46E3899-D50F-38C8-9C5E-5A9A3FF7812D}
	EndGlobalSection
	GlobalSection(ExtensibilityAddIns) = postSolution
	EndGlobalSection
EndGlobal
